
Microsoft Visual Studio Solution File, Format Version 12.00
# Visual Studio Version 16
VisualStudioVersion = 16.0.30330.147
MinimumVisualStudioVersion = 10.0.40219.1
Project("{FAE04EC0-301F-11D3-BF4B-00C04F79EFBC}") = "OpenGazettes", "src\OpenGazettes\OpenGazettes.csproj", "{8F071C85-DBAB-4193-B07E-7208B0506727}"
EndProject
Project("{FAE04EC0-301F-11D3-BF4B-00C04F79EFBC}") = "OpenGazettes.Android", "src\OpenGazettes.Android\OpenGazettes.Android.csproj", "{7CFF777A-4ABF-4089-885B-8253C50B3E57}"
EndProject
Project("{FAE04EC0-301F-11D3-BF4B-00C04F79EFBC}") = "OpenGazettes.iOS", "src\OpenGazettes.iOS\OpenGazettes.iOS.csproj", "{00C24ED8-651C-4239-A18F-75C24639F703}"
EndProject
Global
	GlobalSection(SolutionConfigurationPlatforms) = preSolution
		Ad-Hoc|Any CPU = Ad-Hoc|Any CPU
		Ad-Hoc|iPhone = Ad-Hoc|iPhone
		Ad-Hoc|iPhoneSimulator = Ad-Hoc|iPhoneSimulator
		AppStore|Any CPU = AppStore|Any CPU
		AppStore|iPhone = AppStore|iPhone
		AppStore|iPhoneSimulator = AppStore|iPhoneSimulator
		Debug|Any CPU = Debug|Any CPU
		Debug|iPhone = Debug|iPhone
		Debug|iPhoneSimulator = Debug|iPhoneSimulator
		Release|Any CPU = Release|Any CPU
		Release|iPhone = Release|iPhone
		Release|iPhoneSimulator = Release|iPhoneSimulator
	EndGlobalSection
	GlobalSection(ProjectConfigurationPlatforms) = postSolution
		{8F071C85-DBAB-4193-B07E-7208B0506727}.Ad-Hoc|Any CPU.ActiveCfg = Debug|Any CPU
		{8F071C85-DBAB-4193-B07E-7208B0506727}.Ad-Hoc|Any CPU.Build.0 = Debug|Any CPU
		{8F071C85-DBAB-4193-B07E-7208B0506727}.Ad-Hoc|iPhone.ActiveCfg = Debug|Any CPU
		{8F071C85-DBAB-4193-B07E-7208B0506727}.Ad-Hoc|iPhone.Build.0 = Debug|Any CPU
		{8F071C85-DBAB-4193-B07E-7208B0506727}.Ad-Hoc|iPhoneSimulator.ActiveCfg = Debug|Any CPU
		{8F071C85-DBAB-4193-B07E-7208B0506727}.Ad-Hoc|iPhoneSimulator.Build.0 = Debug|Any CPU
		{8F071C85-DBAB-4193-B07E-7208B0506727}.AppStore|Any CPU.ActiveCfg = Debug|Any CPU
		{8F071C85-DBAB-4193-B07E-7208B0506727}.AppStore|Any CPU.Build.0 = Debug|Any CPU
		{8F071C85-DBAB-4193-B07E-7208B0506727}.AppStore|iPhone.ActiveCfg = Debug|Any CPU
		{8F071C85-DBAB-4193-B07E-7208B0506727}.AppStore|iPhone.Build.0 = Debug|Any CPU
		{8F071C85-DBAB-4193-B07E-7208B0506727}.AppStore|iPhoneSimulator.ActiveCfg = Debug|Any CPU
		{8F071C85-DBAB-4193-B07E-7208B0506727}.AppStore|iPhoneSimulator.Build.0 = Debug|Any CPU
		{8F071C85-DBAB-4193-B07E-7208B0506727}.Debug|Any CPU.ActiveCfg = Debug|Any CPU
		{8F071C85-DBAB-4193-B07E-7208B0506727}.Debug|Any CPU.Build.0 = Debug|Any CPU
		{8F071C85-DBAB-4193-B07E-7208B0506727}.Debug|iPhone.ActiveCfg = Debug|Any CPU
		{8F071C85-DBAB-4193-B07E-7208B0506727}.Debug|iPhone.Build.0 = Debug|Any CPU
		{8F071C85-DBAB-4193-B07E-7208B0506727}.Debug|iPhoneSimulator.ActiveCfg = Debug|Any CPU
		{8F071C85-DBAB-4193-B07E-7208B0506727}.Debug|iPhoneSimulator.Build.0 = Debug|Any CPU
		{8F071C85-DBAB-4193-B07E-7208B0506727}.Release|Any CPU.ActiveCfg = Release|Any CPU
		{8F071C85-DBAB-4193-B07E-7208B0506727}.Release|Any CPU.Build.0 = Release|Any CPU
		{8F071C85-DBAB-4193-B07E-7208B0506727}.Release|iPhone.ActiveCfg = Release|Any CPU
		{8F071C85-DBAB-4193-B07E-7208B0506727}.Release|iPhone.Build.0 = Release|Any CPU
		{8F071C85-DBAB-4193-B07E-7208B0506727}.Release|iPhoneSimulator.ActiveCfg = Release|Any CPU
		{8F071C85-DBAB-4193-B07E-7208B0506727}.Release|iPhoneSimulator.Build.0 = Release|Any CPU
		{7CFF777A-4ABF-4089-885B-8253C50B3E57}.Ad-Hoc|Any CPU.ActiveCfg = Release|Any CPU
		{7CFF777A-4ABF-4089-885B-8253C50B3E57}.Ad-Hoc|Any CPU.Build.0 = Release|Any CPU
		{7CFF777A-4ABF-4089-885B-8253C50B3E57}.Ad-Hoc|Any CPU.Deploy.0 = Release|Any CPU
		{7CFF777A-4ABF-4089-885B-8253C50B3E57}.Ad-Hoc|iPhone.ActiveCfg = Release|Any CPU
		{7CFF777A-4ABF-4089-885B-8253C50B3E57}.Ad-Hoc|iPhone.Build.0 = Release|Any CPU
		{7CFF777A-4ABF-4089-885B-8253C50B3E57}.Ad-Hoc|iPhone.Deploy.0 = Release|Any CPU
		{7CFF777A-4ABF-4089-885B-8253C50B3E57}.Ad-Hoc|iPhoneSimulator.ActiveCfg = Release|Any CPU
		{7CFF777A-4ABF-4089-885B-8253C50B3E57}.Ad-Hoc|iPhoneSimulator.Build.0 = Release|Any CPU
		{7CFF777A-4ABF-4089-885B-8253C50B3E57}.Ad-Hoc|iPhoneSimulator.Deploy.0 = Release|Any CPU
		{7CFF777A-4ABF-4089-885B-8253C50B3E57}.AppStore|Any CPU.ActiveCfg = Release|Any CPU
		{7CFF777A-4ABF-4089-885B-8253C50B3E57}.AppStore|Any CPU.Build.0 = Release|Any CPU
		{7CFF777A-4ABF-4089-885B-8253C50B3E57}.AppStore|Any CPU.Deploy.0 = Release|Any CPU
		{7CFF777A-4ABF-4089-885B-8253C50B3E57}.AppStore|iPhone.ActiveCfg = Release|Any CPU
		{7CFF777A-4ABF-4089-885B-8253C50B3E57}.AppStore|iPhone.Build.0 = Release|Any CPU
		{7CFF777A-4ABF-4089-885B-8253C50B3E57}.AppStore|iPhone.Deploy.0 = Release|Any CPU
		{7CFF777A-4ABF-4089-885B-8253C50B3E57}.AppStore|iPhoneSimulator.ActiveCfg = Release|Any CPU
		{7CFF777A-4ABF-4089-885B-8253C50B3E57}.AppStore|iPhoneSimulator.Build.0 = Release|Any CPU
		{7CFF777A-4ABF-4089-885B-8253C50B3E57}.AppStore|iPhoneSimulator.Deploy.0 = Release|Any CPU
		{7CFF777A-4ABF-4089-885B-8253C50B3E57}.Debug|Any CPU.ActiveCfg = Debug|Any CPU
		{7CFF777A-4ABF-4089-885B-8253C50B3E57}.Debug|Any CPU.Build.0 = Debug|Any CPU
		{7CFF777A-4ABF-4089-885B-8253C50B3E57}.Debug|Any CPU.Deploy.0 = Debug|Any CPU
		{7CFF777A-4ABF-4089-885B-8253C50B3E57}.Debug|iPhone.ActiveCfg = Debug|Any CPU
		{7CFF777A-4ABF-4089-885B-8253C50B3E57}.Debug|iPhone.Build.0 = Debug|Any CPU
		{7CFF777A-4ABF-4089-885B-8253C50B3E57}.Debug|iPhone.Deploy.0 = Debug|Any CPU
		{7CFF777A-4ABF-4089-885B-8253C50B3E57}.Debug|iPhoneSimulator.ActiveCfg = Debug|Any CPU
		{7CFF777A-4ABF-4089-885B-8253C50B3E57}.Debug|iPhoneSimulator.Build.0 = Debug|Any CPU
		{7CFF777A-4ABF-4089-885B-8253C50B3E57}.Debug|iPhoneSimulator.Deploy.0 = Debug|Any CPU
		{7CFF777A-4ABF-4089-885B-8253C50B3E57}.Release|Any CPU.ActiveCfg = Release|Any CPU
		{7CFF777A-4ABF-4089-885B-8253C50B3E57}.Release|Any CPU.Build.0 = Release|Any CPU
		{7CFF777A-4ABF-4089-885B-8253C50B3E57}.Release|Any CPU.Deploy.0 = Release|Any CPU
		{7CFF777A-4ABF-4089-885B-8253C50B3E57}.Release|iPhone.ActiveCfg = Release|Any CPU
		{7CFF777A-4ABF-4089-885B-8253C50B3E57}.Release|iPhone.Build.0 = Release|Any CPU
		{7CFF777A-4ABF-4089-885B-8253C50B3E57}.Release|iPhone.Deploy.0 = Release|Any CPU
		{7CFF777A-4ABF-4089-885B-8253C50B3E57}.Release|iPhoneSimulator.ActiveCfg = Release|Any CPU
		{7CFF777A-4ABF-4089-885B-8253C50B3E57}.Release|iPhoneSimulator.Build.0 = Release|Any CPU
		{7CFF777A-4ABF-4089-885B-8253C50B3E57}.Release|iPhoneSimulator.Deploy.0 = Release|Any CPU
		{00C24ED8-651C-4239-A18F-75C24639F703}.Ad-Hoc|Any CPU.ActiveCfg = Ad-Hoc|iPhone
		{00C24ED8-651C-4239-A18F-75C24639F703}.Ad-Hoc|iPhone.ActiveCfg = Ad-Hoc|iPhone
		{00C24ED8-651C-4239-A18F-75C24639F703}.Ad-Hoc|iPhone.Build.0 = Ad-Hoc|iPhone
		{00C24ED8-651C-4239-A18F-75C24639F703}.Ad-Hoc|iPhoneSimulator.ActiveCfg = Ad-Hoc|iPhoneSimulator
		{00C24ED8-651C-4239-A18F-75C24639F703}.Ad-Hoc|iPhoneSimulator.Build.0 = Ad-Hoc|iPhoneSimulator
		{00C24ED8-651C-4239-A18F-75C24639F703}.AppStore|Any CPU.ActiveCfg = AppStore|iPhone
		{00C24ED8-651C-4239-A18F-75C24639F703}.AppStore|iPhone.ActiveCfg = AppStore|iPhone
		{00C24ED8-651C-4239-A18F-75C24639F703}.AppStore|iPhone.Build.0 = AppStore|iPhone
		{00C24ED8-651C-4239-A18F-75C24639F703}.AppStore|iPhoneSimulator.ActiveCfg = AppStore|iPhoneSimulator
		{00C24ED8-651C-4239-A18F-75C24639F703}.AppStore|iPhoneSimulator.Build.0 = AppStore|iPhoneSimulator
		{00C24ED8-651C-4239-A18F-75C24639F703}.Debug|Any CPU.ActiveCfg = Debug|iPhone
		{00C24ED8-651C-4239-A18F-75C24639F703}.Debug|iPhone.ActiveCfg = Debug|iPhone
		{00C24ED8-651C-4239-A18F-75C24639F703}.Debug|iPhone.Build.0 = Debug|iPhone
		{00C24ED8-651C-4239-A18F-75C24639F703}.Debug|iPhoneSimulator.ActiveCfg = Debug|iPhoneSimulator
		{00C24ED8-651C-4239-A18F-75C24639F703}.Debug|iPhoneSimulator.Build.0 = Debug|iPhoneSimulator
		{00C24ED8-651C-4239-A18F-75C24639F703}.Release|Any CPU.ActiveCfg = Release|iPhone
		{00C24ED8-651C-4239-A18F-75C24639F703}.Release|iPhone.ActiveCfg = Release|iPhone
		{00C24ED8-651C-4239-A18F-75C24639F703}.Release|iPhone.Build.0 = Release|iPhone
		{00C24ED8-651C-4239-A18F-75C24639F703}.Release|iPhoneSimulator.ActiveCfg = Release|iPhoneSimulator
		{00C24ED8-651C-4239-A18F-75C24639F703}.Release|iPhoneSimulator.Build.0 = Release|iPhoneSimulator
	EndGlobalSection
	GlobalSection(SolutionProperties) = preSolution
		HideSolutionNode = FALSE
	EndGlobalSection
	GlobalSection(ExtensibilityGlobals) = postSolution
		SolutionGuid = {FEADD4F5-0558-4DA3-A290-8709157727C2}
	EndGlobalSection
EndGlobal
